
Microsoft Visual Studio Solution File, Format Version 12.00
# Visual Studio Version 17
VisualStudioVersion = 17.0.32112.339
MinimumVisualStudioVersion = 10.0.40219.1
Project("{FAE04EC0-301F-11D3-BF4B-00C04F79EFBC}") = "211078", "211078.csproj", "{BAF554A2-796F-4024-AEFA-EBB73F60460B}"
EndProject
Global
	GlobalSection(SolutionConfigurationPlatforms) = preSolution
		Debug|Any CPU = Debug|Any CPU
		Release|Any CPU = Release|Any CPU
	EndGlobalSection
	GlobalSection(ProjectConfigurationPlatforms) = postSolution
		{BAF554A2-796F-4024-AEFA-EBB73F60460B}.Debug|Any CPU.ActiveCfg = Debug|Any CPU
		{BAF554A2-796F-4024-AEFA-EBB73F60460B}.Debug|Any CPU.Build.0 = Debug|Any CPU
		{BAF554A2-796F-4024-AEFA-EBB73F60460B}.Release|Any CPU.ActiveCfg = Release|Any CPU
		{BAF554A2-796F-4024-AEFA-EBB73F60460B}.Release|Any CPU.Build.0 = Release|Any CPU
	EndGlobalSection
	GlobalSection(SolutionProperties) = preSolution
		HideSolutionNode = FALSE
	EndGlobalSection
	GlobalSection(ExtensibilityGlobals) = postSolution
		SolutionGuid = {CFBF183C-7FC4-4F58-B633-B2C4D4310700}
	EndGlobalSection
EndGlobal
